{
  "requires": true,
  "lockfileVersion": 1,
  "dependencies": {
    "angular": {
      "version": "1.5.5",
      "resolved": "https://registry.npmjs.org/angular/-/angular-1.5.5.tgz",
      "integrity": "sha1-Z4/f0cnEc2jdICx/yLs71NuhfBg="
    },
    "bower": {
      "version": "1.8.2",
      "resolved": "https://registry.npmjs.org/bower/-/bower-1.8.2.tgz",
      "integrity": "sha1-rfU1KcjUrwLvJPuNU0HBQZ0z4vc="
    }
  }
}
